
Microsoft Visual Studio Solution File, Format Version 12.00
# Visual Studio 2015
Project("{FAE04EC0-301F-11D3-BF4B-00C04F79EFBC}") = "Cyber-Escape (Proyecto de Animación).CSharp", "Cyber-Escape (Proyecto de Animación).CSharp.csproj", "{3B0A2030-2167-9E1F-0AAE-FB99972D177F}"
EndProject
Global
	GlobalSection(SolutionConfigurationPlatforms) = preSolution
		Debug|Any CPU = Debug|Any CPU
		Release|Any CPU = Release|Any CPU
	EndGlobalSection
	GlobalSection(ProjectConfigurationPlatforms) = postSolution
		{3B0A2030-2167-9E1F-0AAE-FB99972D177F}.Debug|Any CPU.ActiveCfg = Debug|Any CPU
		{3B0A2030-2167-9E1F-0AAE-FB99972D177F}.Debug|Any CPU.Build.0 = Debug|Any CPU
		{3B0A2030-2167-9E1F-0AAE-FB99972D177F}.Release|Any CPU.ActiveCfg = Release|Any CPU
		{3B0A2030-2167-9E1F-0AAE-FB99972D177F}.Release|Any CPU.Build.0 = Release|Any CPU
	EndGlobalSection
	GlobalSection(SolutionProperties) = preSolution
		HideSolutionNode = FALSE
	EndGlobalSection
EndGlobal
